
Microsoft Visual Studio Solution File, Format Version 12.00
# Visual Studio Version 17
VisualStudioVersion = 17.14.36401.2 d17.14
MinimumVisualStudioVersion = 10.0.40219.1
Project("{FAE04EC0-301F-11D3-BF4B-00C04F79EFBC}") = "Smart Calendar App", "Smart Calendar App\Smart Calendar App.csproj", "{3F91F083-9ADA-4319-A1A5-BED50FCD4C72}"
EndProject
Global
	GlobalSection(SolutionConfigurationPlatforms) = preSolution
		Debug|Any CPU = Debug|Any CPU
		Release|Any CPU = Release|Any CPU
	EndGlobalSection
	GlobalSection(ProjectConfigurationPlatforms) = postSolution
		{3F91F083-9ADA-4319-A1A5-BED50FCD4C72}.Debug|Any CPU.ActiveCfg = Debug|Any CPU
		{3F91F083-9ADA-4319-A1A5-BED50FCD4C72}.Debug|Any CPU.Build.0 = Debug|Any CPU
		{3F91F083-9ADA-4319-A1A5-BED50FCD4C72}.Release|Any CPU.ActiveCfg = Release|Any CPU
		{3F91F083-9ADA-4319-A1A5-BED50FCD4C72}.Release|Any CPU.Build.0 = Release|Any CPU
	EndGlobalSection
	GlobalSection(SolutionProperties) = preSolution
		HideSolutionNode = FALSE
	EndGlobalSection
	GlobalSection(ExtensibilityGlobals) = postSolution
		SolutionGuid = {884CC5F5-9B41-4992-B61C-AEA35FC56F26}
	EndGlobalSection
EndGlobal
